
Microsoft Visual Studio Solution File, Format Version 12.00
# Visual Studio 15
VisualStudioVersion = 15.0.28010.2050
MinimumVisualStudioVersion = 10.0.40219.1
Project("{8BC9CEB8-8B4A-11D0-8D11-00A0C91BC942}") = "2018-11-20", "2018-11-20\2018-11-20.vcxproj", "{ABFE4A6B-759E-4593-9D07-CD6C65A371E0}"
EndProject
Global
	GlobalSection(SolutionConfigurationPlatforms) = preSolution
		Debug|x64 = Debug|x64
		Debug|x86 = Debug|x86
		Release|x64 = Release|x64
		Release|x86 = Release|x86
	EndGlobalSection
	GlobalSection(ProjectConfigurationPlatforms) = postSolution
		{ABFE4A6B-759E-4593-9D07-CD6C65A371E0}.Debug|x64.ActiveCfg = Debug|x64
		{ABFE4A6B-759E-4593-9D07-CD6C65A371E0}.Debug|x64.Build.0 = Debug|x64
		{ABFE4A6B-759E-4593-9D07-CD6C65A371E0}.Debug|x86.ActiveCfg = Debug|Win32
		{ABFE4A6B-759E-4593-9D07-CD6C65A371E0}.Debug|x86.Build.0 = Debug|Win32
		{ABFE4A6B-759E-4593-9D07-CD6C65A371E0}.Release|x64.ActiveCfg = Release|x64
		{ABFE4A6B-759E-4593-9D07-CD6C65A371E0}.Release|x64.Build.0 = Release|x64
		{ABFE4A6B-759E-4593-9D07-CD6C65A371E0}.Release|x86.ActiveCfg = Release|Win32
		{ABFE4A6B-759E-4593-9D07-CD6C65A371E0}.Release|x86.Build.0 = Release|Win32
	EndGlobalSection
	GlobalSection(SolutionProperties) = preSolution
		HideSolutionNode = FALSE
	EndGlobalSection
	GlobalSection(ExtensibilityGlobals) = postSolution
		SolutionGuid = {E612B91C-E1AE-44B6-AC24-3B6ABAC662C5}
	EndGlobalSection
EndGlobal
